// !$*UTF8*$!
{
	archiveVersion = 1;
	classes = {
	};
	objectVersion = 46;
	objects = {

/* Begin PBXBuildFile section */
		D736FB991CA926A10003D1FF /* State.swift in Sources */ = {isa = PBXBuildFile; fileRef = D736FB981CA926A10003D1FF /* State.swift */; };
		D7FB1A761CA654E300D309BA /* main.swift in Sources */ = {isa = PBXBuildFile; fileRef = D7FB1A751CA654E300D309BA /* main.swift */; };
		D7FB1A7D1CA654EC00D309BA /* FSA.swift in Sources */ = {isa = PBXBuildFile; fileRef = D7FB1A7C1CA654EC00D309BA /* FSA.swift */; };
		D7FB1AA41CA687F000D309BA /* Input.swift in Sources */ = {isa = PBXBuildFile; fileRef = D7FB1AA31CA687F000D309BA /* Input.swift */; };
/* End PBXBuildFile section */

/* Begin PBXCopyFilesBuildPhase section */
		D7FB1A701CA654E300D309BA /* CopyFiles */ = {
			isa = PBXCopyFilesBuildPhase;
			buildActionMask = 2147483647;
			dstPath = /usr/share/man/man1/;
			dstSubfolderSpec = 0;
			files = (
			);
			runOnlyForDeploymentPostprocessing = 1;
		};
/* End PBXCopyFilesBuildPhase section */

/* Begin PBXFileReference section */
		D736FB981CA926A10003D1FF /* State.swift */ = {isa = PBXFileReference; fileEncoding = 4; lastKnownFileType = sourcecode.swift; path = State.swift; sourceTree = "<group>"; };
		D7FB1A721CA654E300D309BA /* FSA */ = {isa = PBXFileReference; explicitFileType = "compiled.mach-o.executable"; includeInIndex = 0; path = FSA; sourceTree = BUILT_PRODUCTS_DIR; };
		D7FB1A751CA654E300D309BA /* main.swift */ = {isa = PBXFileReference; lastKnownFileType = sourcecode.swift; path = main.swift; sourceTree = "<group>"; };
		D7FB1A7C1CA654EC00D309BA /* FSA.swift */ = {isa = PBXFileReference; fileEncoding = 4; lastKnownFileType = sourcecode.swift; path = FSA.swift; sourceTree = "<group>"; };
		D7FB1AA31CA687F000D309BA /* Input.swift */ = {isa = PBXFileReference; fileEncoding = 4; lastKnownFileType = sourcecode.swift; path = Input.swift; sourceTree = "<group>"; };
/* End PBXFileReference section */

/* Begin PBXFrameworksBuildPhase section */
		D7FB1A6F1CA654E300D309BA /* Frameworks */ = {
			isa = PBXFrameworksBuildPhase;
			buildActionMask = 2147483647;
			files = (
			);
			runOnlyForDeploymentPostprocessing = 0;
		};
/* End PBXFrameworksBuildPhase section */

/* Begin PBXGroup section */
		D7FB1A691CA654E300D309BA = {
			isa = PBXGroup;
			children = (
				D7FB1A741CA654E300D309BA /* FSA */,
				D7FB1A731CA654E300D309BA /* Products */,
			);
			sourceTree = "<group>";
		};
		D7FB1A731CA654E300D309BA /* Products */ = {
			isa = PBXGroup;
			children = (
				D7FB1A721CA654E300D309BA /* FSA */,
			);
			name = Products;
			sourceTree = "<group>";
		};
		D7FB1A741CA654E300D309BA /* FSA */ = {
			isa = PBXGroup;
			children = (
				D7FB1A751CA654E300D309BA /* main.swift */,
				D7FB1A7C1CA654EC00D309BA /* FSA.swift */,
				D736FB981CA926A10003D1FF /* State.swift */,
				D7FB1AA31CA687F000D309BA /* Input.swift */,
			);
			path = FSA;
			sourceTree = "<group>";
		};
/* End PBXGroup section */

/* Begin PBXNativeTarget section */
		D7FB1A711CA654E300D309BA /* FSA */ = {
			isa = PBXNativeTarget;
			buildConfigurationList = D7FB1A791CA654E300D309BA /* Build configuration list for PBXNativeTarget "FSA" */;
			buildPhases = (
				D7FB1A6E1CA654E300D309BA /* Sources */,
				D7FB1A6F1CA654E300D309BA /* Frameworks */,
				D7FB1A701CA654E300D309BA /* CopyFiles */,
			);
			buildRules = (
			);
			dependencies = (
			);
			name = FSA;
			productName = FSA;
			productReference = D7FB1A721CA654E300D309BA /* FSA */;
			productType = "com.apple.product-type.tool";
		};
/* End PBXNativeTarget section */

/* Begin PBXProject section */
		D7FB1A6A1CA654E300D309BA /* Project object */ = {
			isa = PBXProject;
			attributes = {
				LastSwiftUpdateCheck = 0730;
				LastUpgradeCheck = 0730;
				ORGANIZATIONNAME = "Blake Lockley";
				TargetAttributes = {
					D7FB1A711CA654E300D309BA = {
						CreatedOnToolsVersion = 7.3;
					};
				};
			};
			buildConfigurationList = D7FB1A6D1CA654E300D309BA /* Build configuration list for PBXProject "FSA" */;
			compatibilityVersion = "Xcode 3.2";
			developmentRegion = English;
			hasScannedForEncodings = 0;
			knownRegions = (
				en,
			);
			mainGroup = D7FB1A691CA654E300D309BA;
			productRefGroup = D7FB1A731CA654E300D309BA /* Products */;
			projectDirPath = "";
			projectRoot = "";
			targets = (
				D7FB1A711CA654E300D309BA /* FSA */,
			);
		};
/* End PBXProject section */

/* Begin PBXSourcesBuildPhase section */
		D7FB1A6E1CA654E300D309BA /* Sources */ = {
			isa = PBXSourcesBuildPhase;
			buildActionMask = 2147483647;
			files = (
				D7FB1AA41CA687F000D309BA /* Input.swift in Sources */,
				D7FB1A7D1CA654EC00D309BA /* FSA.swift in Sources */,
				D7FB1A761CA654E300D309BA /* main.swift in Sources */,
				D736FB991CA926A10003D1FF /* State.swift in Sources */,
			);
			runOnlyForDeploymentPostprocessing = 0;
		};
/* End PBXSourcesBuildPhase section */

/* Begin XCBuildConfiguration section */
		D7FB1A771CA654E300D309BA /* Debug */ = {
			isa = XCBuildConfiguration;
			buildSettings = {
				ALWAYS_SEARCH_USER_PATHS = NO;
				CLANG_ANALYZER_NONNULL = YES;
				CLANG_CXX_LANGUAGE_STANDARD = "gnu++0x";
				CLANG_CXX_LIBRARY = "libc++";
				CLANG_ENABLE_MODULES = YES;
				CLANG_ENABLE_OBJC_ARC = YES;
				CLANG_WARN_BOOL_CONVERSION = YES;
				CLANG_WARN_CONSTANT_CONVERSION = YES;
				CLANG_WARN_DIRECT_OBJC_ISA_USAGE = YES_ERROR;
				CLANG_WARN_EMPTY_BODY = YES;
				CLANG_WARN_ENUM_CONVERSION = YES;
				CLANG_WARN_INT_CONVERSION = YES;
				CLANG_WARN_OBJC_ROOT_CLASS = YES_ERROR;
				CLANG_WARN_UNREACHABLE_CODE = YES;
				CLANG_WARN__DUPLICATE_METHOD_MATCH = YES;
				CODE_SIGN_IDENTITY = "-";
				COPY_PHASE_STRIP = NO;
				DEBUG_INFORMATION_FORMAT = dwarf;
				ENABLE_STRICT_OBJC_MSGSEND = YES;
				ENABLE_TESTABILITY = YES;
				GCC_C_LANGUAGE_STANDARD = gnu99;
				GCC_DYNAMIC_NO_PIC = NO;
				GCC_NO_COMMON_BLOCKS = YES;
				GCC_OPTIMIZATION_LEVEL = 0;
				GCC_PREPROCESSOR_DEFINITIONS = (
					"DEBUG=1",
					"$(inherited)",
				);
				GCC_WARN_64_TO_32_BIT_CONVERSION = YES;
				GCC_WARN_ABOUT_RETURN_TYPE = YES_ERROR;
				GCC_WARN_UNDECLARED_SELECTOR = YES;
				GCC_WARN_UNINITIALIZED_AUTOS = YES_AGGRESSIVE;
				GCC_WARN_UNUSED_FUNCTION = YES;
				GCC_WARN_UNUSED_VARIABLE = YES;
				MACOSX_DEPLOYMENT_TARGET = 10.11;
				MTL_ENABLE_DEBUG_INFO = YES;
				ONLY_ACTIVE_ARCH = YES;
				SDKROOT = macosx;
				SWIFT_OPTIMIZATION_LEVEL = "-Onone";
			};
			name = Debug;
		};
		D7FB1A781CA654E300D309BA /* Release */ = {
			isa = XCBuildConfiguration;
			buildSettings = {
				ALWAYS_SEARCH_USER_PATHS = NO;
				CLANG_ANALYZER_NONNULL = YES;
				CLANG_CXX_LANGUAGE_STANDARD = "gnu++0x";
				CLANG_CXX_LIBRARY = "libc++";
				CLANG_ENABLE_MODULES = YES;
				CLANG_ENABLE_OBJC_ARC = YES;
				CLANG_WARN_BOOL_CONVERSION = YES;
				CLANG_WARN_CONSTANT_CONVERSION = YES;
				CLANG_WARN_DIRECT_OBJC_ISA_USAGE = YES_ERROR;
				CLANG_WARN_EMPTY_BODY = YES;
				CLANG_WARN_ENUM_CONVERSION = YES;
				CLANG_WARN_INT_CONVERSION = YES;
				CLANG_WARN_OBJC_ROOT_CLASS = YES_ERROR;
				CLANG_WARN_UNREACHABLE_CODE = YES;
				CLANG_WARN__DUPLICATE_METHOD_MATCH = YES;
				CODE_SIGN_IDENTITY = "-";
				COPY_PHASE_STRIP = NO;
				DEBUG_INFORMATION_FORMAT = "dwarf-with-dsym";
				ENABLE_NS_ASSERTIONS = NO;
				ENABLE_STRICT_OBJC_MSGSEND = YES;
				GCC_C_LANGUAGE_STANDARD = gnu99;
				GCC_NO_COMMON_BLOCKS = YES;
				GCC_WARN_64_TO_32_BIT_CONVERSION = YES;
				GCC_WARN_ABOUT_RETURN_TYPE = YES_ERROR;
				GCC_WARN_UNDECLARED_SELECTOR = YES;
				GCC_WARN_UNINITIALIZED_AUTOS = YES_AGGRESSIVE;
				GCC_WARN_UNUSED_FUNCTION = YES;
				GCC_WARN_UNUSED_VARIABLE = YES;
				MACOSX_DEPLOYMENT_TARGET = 10.11;
				MTL_ENABLE_DEBUG_INFO = NO;
				SDKROOT = macosx;
			};
			name = Release;
		};
		D7FB1A7A1CA654E300D309BA /* Debug */ = {
			isa = XCBuildConfiguration;
			buildSettings = {
				PRODUCT_NAME = "$(TARGET_NAME)";
			};
			name = Debug;
		};
		D7FB1A7B1CA654E300D309BA /* Release */ = {
			isa = XCBuildConfiguration;
			buildSettings = {
				PRODUCT_NAME = "$(TARGET_NAME)";
			};
			name = Release;
		};
/* End XCBuildConfiguration section */

/* Begin XCConfigurationList section */
		D7FB1A6D1CA654E300D309BA /* Build configuration list for PBXProject "FSA" */ = {
			isa = XCConfigurationList;
			buildConfigurations = (
				D7FB1A771CA654E300D309BA /* Debug */,
				D7FB1A781CA654E300D309BA /* Release */,
			);
			defaultConfigurationIsVisible = 0;
			defaultConfigurationName = Release;
		};
		D7FB1A791CA654E300D309BA /* Build configuration list for PBXNativeTarget "FSA" */ = {
			isa = XCConfigurationList;
			buildConfigurations = (
				D7FB1A7A1CA654E300D309BA /* Debug */,
				D7FB1A7B1CA654E300D309BA /* Release */,
			);
			defaultConfigurationIsVisible = 0;
			defaultConfigurationName = Release;
		};
/* End XCConfigurationList section */
	};
	rootObject = D7FB1A6A1CA654E300D309BA /* Project object */;
}
